
Microsoft Visual Studio Solution File, Format Version 12.00
# Visual Studio Version 17
VisualStudioVersion = 17.4.33110.190
MinimumVisualStudioVersion = 10.0.40219.1
Project("{FAE04EC0-301F-11D3-BF4B-00C04F79EFBC}") = "BoxingUnboxing", "BoxingUnboxing\BoxingUnboxing.csproj", "{70F44F41-B79E-4769-8D9C-003ACD7224AB}"
EndProject
Global
	GlobalSection(SolutionConfigurationPlatforms) = preSolution
		Debug|Any CPU = Debug|Any CPU
		Release|Any CPU = Release|Any CPU
	EndGlobalSection
	GlobalSection(ProjectConfigurationPlatforms) = postSolution
		{70F44F41-B79E-4769-8D9C-003ACD7224AB}.Debug|Any CPU.ActiveCfg = Debug|Any CPU
		{70F44F41-B79E-4769-8D9C-003ACD7224AB}.Debug|Any CPU.Build.0 = Debug|Any CPU
		{70F44F41-B79E-4769-8D9C-003ACD7224AB}.Release|Any CPU.ActiveCfg = Release|Any CPU
		{70F44F41-B79E-4769-8D9C-003ACD7224AB}.Release|Any CPU.Build.0 = Release|Any CPU
	EndGlobalSection
	GlobalSection(SolutionProperties) = preSolution
		HideSolutionNode = FALSE
	EndGlobalSection
	GlobalSection(ExtensibilityGlobals) = postSolution
		SolutionGuid = {8A152A90-3E8F-4BD7-B32E-1F04FCAF106E}
	EndGlobalSection
EndGlobal
